
Microsoft Visual Studio Solution File, Format Version 11.00
# Visual Studio 2010
Project("{FAE04EC0-301F-11D3-BF4B-00C04F79EFBC}") = "KoeTeht9", "KoeTeht9\KoeTeht9.csproj", "{FBA4EF82-14FE-4C1D-A8E1-36B4585B1E9D}"
EndProject
Global
	GlobalSection(SolutionConfigurationPlatforms) = preSolution
		Debug|x86 = Debug|x86
		Release|x86 = Release|x86
	EndGlobalSection
	GlobalSection(ProjectConfigurationPlatforms) = postSolution
		{FBA4EF82-14FE-4C1D-A8E1-36B4585B1E9D}.Debug|x86.ActiveCfg = Debug|x86
		{FBA4EF82-14FE-4C1D-A8E1-36B4585B1E9D}.Debug|x86.Build.0 = Debug|x86
		{FBA4EF82-14FE-4C1D-A8E1-36B4585B1E9D}.Release|x86.ActiveCfg = Release|x86
		{FBA4EF82-14FE-4C1D-A8E1-36B4585B1E9D}.Release|x86.Build.0 = Release|x86
	EndGlobalSection
	GlobalSection(SolutionProperties) = preSolution
		HideSolutionNode = FALSE
	EndGlobalSection
EndGlobal
